
Microsoft Visual Studio Solution File, Format Version 12.00
# Visual Studio 15
VisualStudioVersion = 15.0.27004.2008
MinimumVisualStudioVersion = 10.0.40219.1
Project("{FAE04EC0-301F-11D3-BF4B-00C04F79EFBC}") = "New_portal2D", "New_portal2D\New_portal2D.csproj", "{8E439B68-8079-4023-ABD1-A74186A6DCAD}"
EndProject
Global
	GlobalSection(SolutionConfigurationPlatforms) = preSolution
		Debug|x86 = Debug|x86
		Release|x86 = Release|x86
	EndGlobalSection
	GlobalSection(ProjectConfigurationPlatforms) = postSolution
		{8E439B68-8079-4023-ABD1-A74186A6DCAD}.Debug|x86.ActiveCfg = Debug|x86
		{8E439B68-8079-4023-ABD1-A74186A6DCAD}.Debug|x86.Build.0 = Debug|x86
		{8E439B68-8079-4023-ABD1-A74186A6DCAD}.Release|x86.ActiveCfg = Release|x86
		{8E439B68-8079-4023-ABD1-A74186A6DCAD}.Release|x86.Build.0 = Release|x86
	EndGlobalSection
	GlobalSection(SolutionProperties) = preSolution
		HideSolutionNode = FALSE
	EndGlobalSection
	GlobalSection(ExtensibilityGlobals) = postSolution
		SolutionGuid = {9B9E79EF-FF34-4D87-9066-2404C6EF5BAA}
	EndGlobalSection
EndGlobal
